// !$*UTF8*$!
{
	archiveVersion = 1;
	classes = {
	};
	objectVersion = 50;
	objects = {

/* Begin PBXBuildFile section */
		42C567292445F4B3006993AA /* AppDelegate.swift in Sources */ = {isa = PBXBuildFile; fileRef = 42C567282445F4B3006993AA /* AppDelegate.swift */; };
		42C5672B2445F4B3006993AA /* SceneDelegate.swift in Sources */ = {isa = PBXBuildFile; fileRef = 42C5672A2445F4B3006993AA /* SceneDelegate.swift */; };
		42C567302445F4B3006993AA /* Main.storyboard in Resources */ = {isa = PBXBuildFile; fileRef = 42C5672E2445F4B3006993AA /* Main.storyboard */; };
		42C567322445F4B8006993AA /* Assets.xcassets in Resources */ = {isa = PBXBuildFile; fileRef = 42C567312445F4B8006993AA /* Assets.xcassets */; };
		42C567352445F4B8006993AA /* LaunchScreen.storyboard in Resources */ = {isa = PBXBuildFile; fileRef = 42C567332445F4B8006993AA /* LaunchScreen.storyboard */; };
		42C567402445F888006993AA /* TableViewCell.swift in Sources */ = {isa = PBXBuildFile; fileRef = 42C5673F2445F888006993AA /* TableViewCell.swift */; };
		42C567422445F89B006993AA /* TableViewController.swift in Sources */ = {isa = PBXBuildFile; fileRef = 42C567412445F89B006993AA /* TableViewController.swift */; };
		42C5674D2445FB26006993AA /* NetworkService.swift in Sources */ = {isa = PBXBuildFile; fileRef = 42C5674C2445FB26006993AA /* NetworkService.swift */; };
		42C5674F2445FD81006993AA /* GetCatigoriesRespons.swift in Sources */ = {isa = PBXBuildFile; fileRef = 42C5674E2445FD81006993AA /* GetCatigoriesRespons.swift */; };
		42C567512445FDA8006993AA /* Catigories.swift in Sources */ = {isa = PBXBuildFile; fileRef = 42C567502445FDA8006993AA /* Catigories.swift */; };
		42C567532445FF60006993AA /* CatigoriesNetworcService.swift in Sources */ = {isa = PBXBuildFile; fileRef = 42C567522445FF60006993AA /* CatigoriesNetworcService.swift */; };
		42C56755244600FB006993AA /* NetworkErrors.swift in Sources */ = {isa = PBXBuildFile; fileRef = 42C56754244600FB006993AA /* NetworkErrors.swift */; };
		42C56757244601D6006993AA /* TableViwModelType.swift in Sources */ = {isa = PBXBuildFile; fileRef = 42C56756244601D6006993AA /* TableViwModelType.swift */; };
		42C5675A24460224006993AA /* TableViewCellModelType.swift in Sources */ = {isa = PBXBuildFile; fileRef = 42C5675924460224006993AA /* TableViewCellModelType.swift */; };
		42C567642446440A006993AA /* ViewModel.swift in Sources */ = {isa = PBXBuildFile; fileRef = 42C567632446440A006993AA /* ViewModel.swift */; };
		42C567662446441A006993AA /* CellModel.swift in Sources */ = {isa = PBXBuildFile; fileRef = 42C567652446441A006993AA /* CellModel.swift */; };
/* End PBXBuildFile section */

/* Begin PBXFileReference section */
		42C567252445F4B3006993AA /* MVVM.app */ = {isa = PBXFileReference; explicitFileType = wrapper.application; includeInIndex = 0; path = MVVM.app; sourceTree = BUILT_PRODUCTS_DIR; };
		42C567282445F4B3006993AA /* AppDelegate.swift */ = {isa = PBXFileReference; lastKnownFileType = sourcecode.swift; path = AppDelegate.swift; sourceTree = "<group>"; };
		42C5672A2445F4B3006993AA /* SceneDelegate.swift */ = {isa = PBXFileReference; lastKnownFileType = sourcecode.swift; path = SceneDelegate.swift; sourceTree = "<group>"; };
		42C5672F2445F4B3006993AA /* Base */ = {isa = PBXFileReference; lastKnownFileType = file.storyboard; name = Base; path = Base.lproj/Main.storyboard; sourceTree = "<group>"; };
		42C567312445F4B8006993AA /* Assets.xcassets */ = {isa = PBXFileReference; lastKnownFileType = folder.assetcatalog; path = Assets.xcassets; sourceTree = "<group>"; };
		42C567342445F4B8006993AA /* Base */ = {isa = PBXFileReference; lastKnownFileType = file.storyboard; name = Base; path = Base.lproj/LaunchScreen.storyboard; sourceTree = "<group>"; };
		42C567362445F4B8006993AA /* Info.plist */ = {isa = PBXFileReference; lastKnownFileType = text.plist.xml; path = Info.plist; sourceTree = "<group>"; };
		42C5673F2445F888006993AA /* TableViewCell.swift */ = {isa = PBXFileReference; lastKnownFileType = sourcecode.swift; path = TableViewCell.swift; sourceTree = "<group>"; };
		42C567412445F89B006993AA /* TableViewController.swift */ = {isa = PBXFileReference; lastKnownFileType = sourcecode.swift; path = TableViewController.swift; sourceTree = "<group>"; };
		42C5674C2445FB26006993AA /* NetworkService.swift */ = {isa = PBXFileReference; lastKnownFileType = sourcecode.swift; path = NetworkService.swift; sourceTree = "<group>"; };
		42C5674E2445FD81006993AA /* GetCatigoriesRespons.swift */ = {isa = PBXFileReference; lastKnownFileType = sourcecode.swift; path = GetCatigoriesRespons.swift; sourceTree = "<group>"; };
		42C567502445FDA8006993AA /* Catigories.swift */ = {isa = PBXFileReference; lastKnownFileType = sourcecode.swift; path = Catigories.swift; sourceTree = "<group>"; };
		42C567522445FF60006993AA /* CatigoriesNetworcService.swift */ = {isa = PBXFileReference; lastKnownFileType = sourcecode.swift; path = CatigoriesNetworcService.swift; sourceTree = "<group>"; };
		42C56754244600FB006993AA /* NetworkErrors.swift */ = {isa = PBXFileReference; lastKnownFileType = sourcecode.swift; path = NetworkErrors.swift; sourceTree = "<group>"; };
		42C56756244601D6006993AA /* TableViwModelType.swift */ = {isa = PBXFileReference; lastKnownFileType = sourcecode.swift; path = TableViwModelType.swift; sourceTree = "<group>"; };
		42C5675924460224006993AA /* TableViewCellModelType.swift */ = {isa = PBXFileReference; lastKnownFileType = sourcecode.swift; path = TableViewCellModelType.swift; sourceTree = "<group>"; };
		42C567632446440A006993AA /* ViewModel.swift */ = {isa = PBXFileReference; lastKnownFileType = sourcecode.swift; path = ViewModel.swift; sourceTree = "<group>"; };
		42C567652446441A006993AA /* CellModel.swift */ = {isa = PBXFileReference; lastKnownFileType = sourcecode.swift; path = CellModel.swift; sourceTree = "<group>"; };
/* End PBXFileReference section */

/* Begin PBXFrameworksBuildPhase section */
		42C567222445F4B3006993AA /* Frameworks */ = {
			isa = PBXFrameworksBuildPhase;
			buildActionMask = 2147483647;
			files = (
			);
			runOnlyForDeploymentPostprocessing = 0;
		};
/* End PBXFrameworksBuildPhase section */

/* Begin PBXGroup section */
		42C5671C2445F4B3006993AA = {
			isa = PBXGroup;
			children = (
				42C567272445F4B3006993AA /* MVVM */,
				42C567262445F4B3006993AA /* Products */,
			);
			sourceTree = "<group>";
		};
		42C567262445F4B3006993AA /* Products */ = {
			isa = PBXGroup;
			children = (
				42C567252445F4B3006993AA /* MVVM.app */,
			);
			name = Products;
			sourceTree = "<group>";
		};
		42C567272445F4B3006993AA /* MVVM */ = {
			isa = PBXGroup;
			children = (
				42C567442445F8C8006993AA /* Progect */,
				42C567452445F8D4006993AA /* RequestView */,
				42C567312445F4B8006993AA /* Assets.xcassets */,
				42C567362445F4B8006993AA /* Info.plist */,
			);
			path = MVVM;
			sourceTree = "<group>";
		};
		42C5673C2445F7AB006993AA /* Model */ = {
			isa = PBXGroup;
			children = (
				42C5674A2445FA53006993AA /* Response */,
				42C56758244601EF006993AA /* Protocols */,
				42C567502445FDA8006993AA /* Catigories.swift */,
			);
			name = Model;
			sourceTree = "<group>";
		};
		42C5673D2445F7BA006993AA /* ViewModel */ = {
			isa = PBXGroup;
			children = (
				42C5674B2445FA80006993AA /* CatigoriesNetworcService */,
				42C567632446440A006993AA /* ViewModel.swift */,
				42C567652446441A006993AA /* CellModel.swift */,
			);
			name = ViewModel;
			sourceTree = "<group>";
		};
		42C5673E2445F7BD006993AA /* View */ = {
			isa = PBXGroup;
			children = (
				42C567412445F89B006993AA /* TableViewController.swift */,
				42C5673F2445F888006993AA /* TableViewCell.swift */,
			);
			name = View;
			sourceTree = "<group>";
		};
		42C567442445F8C8006993AA /* Progect */ = {
			isa = PBXGroup;
			children = (
				42C567462445F8EC006993AA /* Model */,
				42C567472445F8F6006993AA /* View */,
				42C567482445F902006993AA /* ViewModel */,
				42C567492445FA11006993AA /* NetworcService */,
			);
			name = Progect;
			sourceTree = "<group>";
		};
		42C567452445F8D4006993AA /* RequestView */ = {
			isa = PBXGroup;
			children = (
				42C5673C2445F7AB006993AA /* Model */,
				42C5673E2445F7BD006993AA /* View */,
				42C5673D2445F7BA006993AA /* ViewModel */,
			);
			name = RequestView;
			sourceTree = "<group>";
		};
		42C567462445F8EC006993AA /* Model */ = {
			isa = PBXGroup;
			children = (
				42C56754244600FB006993AA /* NetworkErrors.swift */,
			);
			name = Model;
			sourceTree = "<group>";
		};
		42C567472445F8F6006993AA /* View */ = {
			isa = PBXGroup;
			children = (
				42C567332445F4B8006993AA /* LaunchScreen.storyboard */,
				42C5672E2445F4B3006993AA /* Main.storyboard */,
			);
			name = View;
			sourceTree = "<group>";
		};
		42C567482445F902006993AA /* ViewModel */ = {
			isa = PBXGroup;
			children = (
				42C567282445F4B3006993AA /* AppDelegate.swift */,
				42C5672A2445F4B3006993AA /* SceneDelegate.swift */,
			);
			name = ViewModel;
			sourceTree = "<group>";
		};
		42C567492445FA11006993AA /* NetworcService */ = {
			isa = PBXGroup;
			children = (
				42C5674C2445FB26006993AA /* NetworkService.swift */,
			);
			name = NetworcService;
			sourceTree = "<group>";
		};
		42C5674A2445FA53006993AA /* Response */ = {
			isa = PBXGroup;
			children = (
				42C5674E2445FD81006993AA /* GetCatigoriesRespons.swift */,
			);
			name = Response;
			sourceTree = "<group>";
		};
		42C5674B2445FA80006993AA /* CatigoriesNetworcService */ = {
			isa = PBXGroup;
			children = (
				42C567522445FF60006993AA /* CatigoriesNetworcService.swift */,
			);
			name = CatigoriesNetworcService;
			sourceTree = "<group>";
		};
		42C56758244601EF006993AA /* Protocols */ = {
			isa = PBXGroup;
			children = (
				42C56756244601D6006993AA /* TableViwModelType.swift */,
				42C5675924460224006993AA /* TableViewCellModelType.swift */,
			);
			name = Protocols;
			sourceTree = "<group>";
		};
/* End PBXGroup section */

/* Begin PBXNativeTarget section */
		42C567242445F4B3006993AA /* MVVM */ = {
			isa = PBXNativeTarget;
			buildConfigurationList = 42C567392445F4B8006993AA /* Build configuration list for PBXNativeTarget "MVVM" */;
			buildPhases = (
				42C567212445F4B3006993AA /* Sources */,
				42C567222445F4B3006993AA /* Frameworks */,
				42C567232445F4B3006993AA /* Resources */,
			);
			buildRules = (
			);
			dependencies = (
			);
			name = MVVM;
			productName = MVVM;
			productReference = 42C567252445F4B3006993AA /* MVVM.app */;
			productType = "com.apple.product-type.application";
		};
/* End PBXNativeTarget section */

/* Begin PBXProject section */
		42C5671D2445F4B3006993AA /* Project object */ = {
			isa = PBXProject;
			attributes = {
				LastSwiftUpdateCheck = 1130;
				LastUpgradeCheck = 1130;
				ORGANIZATIONNAME = "Илья Лобков";
				TargetAttributes = {
					42C567242445F4B3006993AA = {
						CreatedOnToolsVersion = 11.3.1;
					};
				};
			};
			buildConfigurationList = 42C567202445F4B3006993AA /* Build configuration list for PBXProject "MVVM" */;
			compatibilityVersion = "Xcode 9.3";
			developmentRegion = en;
			hasScannedForEncodings = 0;
			knownRegions = (
				en,
				Base,
			);
			mainGroup = 42C5671C2445F4B3006993AA;
			productRefGroup = 42C567262445F4B3006993AA /* Products */;
			projectDirPath = "";
			projectRoot = "";
			targets = (
				42C567242445F4B3006993AA /* MVVM */,
			);
		};
/* End PBXProject section */

/* Begin PBXResourcesBuildPhase section */
		42C567232445F4B3006993AA /* Resources */ = {
			isa = PBXResourcesBuildPhase;
			buildActionMask = 2147483647;
			files = (
				42C567352445F4B8006993AA /* LaunchScreen.storyboard in Resources */,
				42C567322445F4B8006993AA /* Assets.xcassets in Resources */,
				42C567302445F4B3006993AA /* Main.storyboard in Resources */,
			);
			runOnlyForDeploymentPostprocessing = 0;
		};
/* End PBXResourcesBuildPhase section */

/* Begin PBXSourcesBuildPhase section */
		42C567212445F4B3006993AA /* Sources */ = {
			isa = PBXSourcesBuildPhase;
			buildActionMask = 2147483647;
			files = (
				42C5674D2445FB26006993AA /* NetworkService.swift in Sources */,
				42C567402445F888006993AA /* TableViewCell.swift in Sources */,
				42C567292445F4B3006993AA /* AppDelegate.swift in Sources */,
				42C567512445FDA8006993AA /* Catigories.swift in Sources */,
				42C5674F2445FD81006993AA /* GetCatigoriesRespons.swift in Sources */,
				42C56757244601D6006993AA /* TableViwModelType.swift in Sources */,
				42C5675A24460224006993AA /* TableViewCellModelType.swift in Sources */,
				42C5672B2445F4B3006993AA /* SceneDelegate.swift in Sources */,
				42C567532445FF60006993AA /* CatigoriesNetworcService.swift in Sources */,
				42C567422445F89B006993AA /* TableViewController.swift in Sources */,
				42C567662446441A006993AA /* CellModel.swift in Sources */,
				42C567642446440A006993AA /* ViewModel.swift in Sources */,
				42C56755244600FB006993AA /* NetworkErrors.swift in Sources */,
			);
			runOnlyForDeploymentPostprocessing = 0;
		};
/* End PBXSourcesBuildPhase section */

/* Begin PBXVariantGroup section */
		42C5672E2445F4B3006993AA /* Main.storyboard */ = {
			isa = PBXVariantGroup;
			children = (
				42C5672F2445F4B3006993AA /* Base */,
			);
			name = Main.storyboard;
			sourceTree = "<group>";
		};
		42C567332445F4B8006993AA /* LaunchScreen.storyboard */ = {
			isa = PBXVariantGroup;
			children = (
				42C567342445F4B8006993AA /* Base */,
			);
			name = LaunchScreen.storyboard;
			sourceTree = "<group>";
		};
/* End PBXVariantGroup section */

/* Begin XCBuildConfiguration section */
		42C567372445F4B8006993AA /* Debug */ = {
			isa = XCBuildConfiguration;
			buildSettings = {
				ALWAYS_SEARCH_USER_PATHS = NO;
				CLANG_ANALYZER_NONNULL = YES;
				CLANG_ANALYZER_NUMBER_OBJECT_CONVERSION = YES_AGGRESSIVE;
				CLANG_CXX_LANGUAGE_STANDARD = "gnu++14";
				CLANG_CXX_LIBRARY = "libc++";
				CLANG_ENABLE_MODULES = YES;
				CLANG_ENABLE_OBJC_ARC = YES;
				CLANG_ENABLE_OBJC_WEAK = YES;
				CLANG_WARN_BLOCK_CAPTURE_AUTORELEASING = YES;
				CLANG_WARN_BOOL_CONVERSION = YES;
				CLANG_WARN_COMMA = YES;
				CLANG_WARN_CONSTANT_CONVERSION = YES;
				CLANG_WARN_DEPRECATED_OBJC_IMPLEMENTATIONS = YES;
				CLANG_WARN_DIRECT_OBJC_ISA_USAGE = YES_ERROR;
				CLANG_WARN_DOCUMENTATION_COMMENTS = YES;
				CLANG_WARN_EMPTY_BODY = YES;
				CLANG_WARN_ENUM_CONVERSION = YES;
				CLANG_WARN_INFINITE_RECURSION = YES;
				CLANG_WARN_INT_CONVERSION = YES;
				CLANG_WARN_NON_LITERAL_NULL_CONVERSION = YES;
				CLANG_WARN_OBJC_IMPLICIT_RETAIN_SELF = YES;
				CLANG_WARN_OBJC_LITERAL_CONVERSION = YES;
				CLANG_WARN_OBJC_ROOT_CLASS = YES_ERROR;
				CLANG_WARN_RANGE_LOOP_ANALYSIS = YES;
				CLANG_WARN_STRICT_PROTOTYPES = YES;
				CLANG_WARN_SUSPICIOUS_MOVE = YES;
				CLANG_WARN_UNGUARDED_AVAILABILITY = YES_AGGRESSIVE;
				CLANG_WARN_UNREACHABLE_CODE = YES;
				CLANG_WARN__DUPLICATE_METHOD_MATCH = YES;
				COPY_PHASE_STRIP = NO;
				DEBUG_INFORMATION_FORMAT = dwarf;
				ENABLE_STRICT_OBJC_MSGSEND = YES;
				ENABLE_TESTABILITY = YES;
				GCC_C_LANGUAGE_STANDARD = gnu11;
				GCC_DYNAMIC_NO_PIC = NO;
				GCC_NO_COMMON_BLOCKS = YES;
				GCC_OPTIMIZATION_LEVEL = 0;
				GCC_PREPROCESSOR_DEFINITIONS = (
					"DEBUG=1",
					"$(inherited)",
				);
				GCC_WARN_64_TO_32_BIT_CONVERSION = YES;
				GCC_WARN_ABOUT_RETURN_TYPE = YES_ERROR;
				GCC_WARN_UNDECLARED_SELECTOR = YES;
				GCC_WARN_UNINITIALIZED_AUTOS = YES_AGGRESSIVE;
				GCC_WARN_UNUSED_FUNCTION = YES;
				GCC_WARN_UNUSED_VARIABLE = YES;
				IPHONEOS_DEPLOYMENT_TARGET = 13.2;
				MTL_ENABLE_DEBUG_INFO = INCLUDE_SOURCE;
				MTL_FAST_MATH = YES;
				ONLY_ACTIVE_ARCH = YES;
				SDKROOT = iphoneos;
				SWIFT_ACTIVE_COMPILATION_CONDITIONS = DEBUG;
				SWIFT_OPTIMIZATION_LEVEL = "-Onone";
			};
			name = Debug;
		};
		42C567382445F4B8006993AA /* Release */ = {
			isa = XCBuildConfiguration;
			buildSettings = {
				ALWAYS_SEARCH_USER_PATHS = NO;
				CLANG_ANALYZER_NONNULL = YES;
				CLANG_ANALYZER_NUMBER_OBJECT_CONVERSION = YES_AGGRESSIVE;
				CLANG_CXX_LANGUAGE_STANDARD = "gnu++14";
				CLANG_CXX_LIBRARY = "libc++";
				CLANG_ENABLE_MODULES = YES;
				CLANG_ENABLE_OBJC_ARC = YES;
				CLANG_ENABLE_OBJC_WEAK = YES;
				CLANG_WARN_BLOCK_CAPTURE_AUTORELEASING = YES;
				CLANG_WARN_BOOL_CONVERSION = YES;
				CLANG_WARN_COMMA = YES;
				CLANG_WARN_CONSTANT_CONVERSION = YES;
				CLANG_WARN_DEPRECATED_OBJC_IMPLEMENTATIONS = YES;
				CLANG_WARN_DIRECT_OBJC_ISA_USAGE = YES_ERROR;
				CLANG_WARN_DOCUMENTATION_COMMENTS = YES;
				CLANG_WARN_EMPTY_BODY = YES;
				CLANG_WARN_ENUM_CONVERSION = YES;
				CLANG_WARN_INFINITE_RECURSION = YES;
				CLANG_WARN_INT_CONVERSION = YES;
				CLANG_WARN_NON_LITERAL_NULL_CONVERSION = YES;
				CLANG_WARN_OBJC_IMPLICIT_RETAIN_SELF = YES;
				CLANG_WARN_OBJC_LITERAL_CONVERSION = YES;
				CLANG_WARN_OBJC_ROOT_CLASS = YES_ERROR;
				CLANG_WARN_RANGE_LOOP_ANALYSIS = YES;
				CLANG_WARN_STRICT_PROTOTYPES = YES;
				CLANG_WARN_SUSPICIOUS_MOVE = YES;
				CLANG_WARN_UNGUARDED_AVAILABILITY = YES_AGGRESSIVE;
				CLANG_WARN_UNREACHABLE_CODE = YES;
				CLANG_WARN__DUPLICATE_METHOD_MATCH = YES;
				COPY_PHASE_STRIP = NO;
				DEBUG_INFORMATION_FORMAT = "dwarf-with-dsym";
				ENABLE_NS_ASSERTIONS = NO;
				ENABLE_STRICT_OBJC_MSGSEND = YES;
				GCC_C_LANGUAGE_STANDARD = gnu11;
				GCC_NO_COMMON_BLOCKS = YES;
				GCC_WARN_64_TO_32_BIT_CONVERSION = YES;
				GCC_WARN_ABOUT_RETURN_TYPE = YES_ERROR;
				GCC_WARN_UNDECLARED_SELECTOR = YES;
				GCC_WARN_UNINITIALIZED_AUTOS = YES_AGGRESSIVE;
				GCC_WARN_UNUSED_FUNCTION = YES;
				GCC_WARN_UNUSED_VARIABLE = YES;
				IPHONEOS_DEPLOYMENT_TARGET = 13.2;
				MTL_ENABLE_DEBUG_INFO = NO;
				MTL_FAST_MATH = YES;
				SDKROOT = iphoneos;
				SWIFT_COMPILATION_MODE = wholemodule;
				SWIFT_OPTIMIZATION_LEVEL = "-O";
				VALIDATE_PRODUCT = YES;
			};
			name = Release;
		};
		42C5673A2445F4B8006993AA /* Debug */ = {
			isa = XCBuildConfiguration;
			buildSettings = {
				ASSETCATALOG_COMPILER_APPICON_NAME = AppIcon;
				CODE_SIGN_STYLE = Automatic;
				DEVELOPMENT_TEAM = GA5QK7SQDU;
				INFOPLIST_FILE = MVVM/Info.plist;
				LD_RUNPATH_SEARCH_PATHS = (
					"$(inherited)",
					"@executable_path/Frameworks",
				);
				PRODUCT_BUNDLE_IDENTIFIER = LISa.MVVM;
				PRODUCT_NAME = "$(TARGET_NAME)";
				SWIFT_VERSION = 5.0;
				TARGETED_DEVICE_FAMILY = "1,2";
			};
			name = Debug;
		};
		42C5673B2445F4B8006993AA /* Release */ = {
			isa = XCBuildConfiguration;
			buildSettings = {
				ASSETCATALOG_COMPILER_APPICON_NAME = AppIcon;
				CODE_SIGN_STYLE = Automatic;
				DEVELOPMENT_TEAM = GA5QK7SQDU;
				INFOPLIST_FILE = MVVM/Info.plist;
				LD_RUNPATH_SEARCH_PATHS = (
					"$(inherited)",
					"@executable_path/Frameworks",
				);
				PRODUCT_BUNDLE_IDENTIFIER = LISa.MVVM;
				PRODUCT_NAME = "$(TARGET_NAME)";
				SWIFT_VERSION = 5.0;
				TARGETED_DEVICE_FAMILY = "1,2";
			};
			name = Release;
		};
/* End XCBuildConfiguration section */

/* Begin XCConfigurationList section */
		42C567202445F4B3006993AA /* Build configuration list for PBXProject "MVVM" */ = {
			isa = XCConfigurationList;
			buildConfigurations = (
				42C567372445F4B8006993AA /* Debug */,
				42C567382445F4B8006993AA /* Release */,
			);
			defaultConfigurationIsVisible = 0;
			defaultConfigurationName = Release;
		};
		42C567392445F4B8006993AA /* Build configuration list for PBXNativeTarget "MVVM" */ = {
			isa = XCConfigurationList;
			buildConfigurations = (
				42C5673A2445F4B8006993AA /* Debug */,
				42C5673B2445F4B8006993AA /* Release */,
			);
			defaultConfigurationIsVisible = 0;
			defaultConfigurationName = Release;
		};
/* End XCConfigurationList section */
	};
	rootObject = 42C5671D2445F4B3006993AA /* Project object */;
}
